
Microsoft Visual Studio Solution File, Format Version 12.00
# Visual Studio 15
VisualStudioVersion = 15.0.28307.902
MinimumVisualStudioVersion = 10.0.40219.1
Project("{FAE04EC0-301F-11D3-BF4B-00C04F79EFBC}") = "PlaytimeTracker", "PlaytimeTracker\PlaytimeTracker.csproj", "{811059AD-38BB-4F49-8ED6-2751AAA58CA3}"
EndProject
Global
	GlobalSection(SolutionConfigurationPlatforms) = preSolution
		Debug|Any CPU = Debug|Any CPU
		Release|Any CPU = Release|Any CPU
	EndGlobalSection
	GlobalSection(ProjectConfigurationPlatforms) = postSolution
		{811059AD-38BB-4F49-8ED6-2751AAA58CA3}.Debug|Any CPU.ActiveCfg = Debug|Any CPU
		{811059AD-38BB-4F49-8ED6-2751AAA58CA3}.Debug|Any CPU.Build.0 = Debug|Any CPU
		{811059AD-38BB-4F49-8ED6-2751AAA58CA3}.Release|Any CPU.ActiveCfg = Release|Any CPU
		{811059AD-38BB-4F49-8ED6-2751AAA58CA3}.Release|Any CPU.Build.0 = Release|Any CPU
	EndGlobalSection
	GlobalSection(SolutionProperties) = preSolution
		HideSolutionNode = FALSE
	EndGlobalSection
	GlobalSection(ExtensibilityGlobals) = postSolution
		SolutionGuid = {91AEB781-EB62-472E-AA4A-040EDA57D4B3}
	EndGlobalSection
EndGlobal
